
Microsoft Visual Studio Solution File, Format Version 12.00
Project("{FAE04EC0-301F-11D3-BF4B-00C04F79EFBC}") = "API", "src\API\API.csproj", "{EC47C3D2-4A84-40F6-929C-0B3E46071805}"
EndProject
Project("{2150E333-8FDC-42A3-9474-1A3956D46DE8}") = "Solution Items", "Solution Items", "{12CEC2C9-D02E-4AD9-8F84-1DDD7D5882AD}"
	ProjectSection(SolutionItems) = preProject
		.editorconfig = .editorconfig
		.gitignore = .gitignore
		Directory.Build.props = Directory.Build.props
		Directory.Packages.props = Directory.Packages.props
	EndProjectSection
EndProject
Project("{2150E333-8FDC-42A3-9474-1A3956D46DE8}") = "tools", "tools", "{E687C30C-DCBF-43AD-B31A-F7060BC55F99}"
EndProject
Project("{2150E333-8FDC-42A3-9474-1A3956D46DE8}") = "docker", "docker", "{3C1B52A6-F60B-42C4-8839-AC9568B6AB6A}"
	ProjectSection(SolutionItems) = preProject
		tools\docker\docker-compose.yaml = tools\docker\docker-compose.yaml
	EndProjectSection
EndProject
Global
	GlobalSection(SolutionConfigurationPlatforms) = preSolution
		Debug|Any CPU = Debug|Any CPU
		Release|Any CPU = Release|Any CPU
	EndGlobalSection
	GlobalSection(ProjectConfigurationPlatforms) = postSolution
		{EC47C3D2-4A84-40F6-929C-0B3E46071805}.Debug|Any CPU.ActiveCfg = Debug|Any CPU
		{EC47C3D2-4A84-40F6-929C-0B3E46071805}.Debug|Any CPU.Build.0 = Debug|Any CPU
		{EC47C3D2-4A84-40F6-929C-0B3E46071805}.Release|Any CPU.ActiveCfg = Release|Any CPU
		{EC47C3D2-4A84-40F6-929C-0B3E46071805}.Release|Any CPU.Build.0 = Release|Any CPU
	EndGlobalSection
	GlobalSection(NestedProjects) = preSolution
		{3C1B52A6-F60B-42C4-8839-AC9568B6AB6A} = {E687C30C-DCBF-43AD-B31A-F7060BC55F99}
	EndGlobalSection
EndGlobal
